
Microsoft Visual Studio Solution File, Format Version 12.00
# Visual Studio Version 16
VisualStudioVersion = 16.0.29209.152
MinimumVisualStudioVersion = 10.0.40219.1
Project("{FAE04EC0-301F-11D3-BF4B-00C04F79EFBC}") = "InventoryManagement", "InventoryManagement.csproj", "{ED7A94DB-F495-4E7E-A40F-C0A0AA3CA381}"
EndProject
Global
	GlobalSection(SolutionConfigurationPlatforms) = preSolution
		Debug|Any CPU = Debug|Any CPU
		Release|Any CPU = Release|Any CPU
	EndGlobalSection
	GlobalSection(ProjectConfigurationPlatforms) = postSolution
		{ED7A94DB-F495-4E7E-A40F-C0A0AA3CA381}.Debug|Any CPU.ActiveCfg = Debug|Any CPU
		{ED7A94DB-F495-4E7E-A40F-C0A0AA3CA381}.Debug|Any CPU.Build.0 = Debug|Any CPU
		{ED7A94DB-F495-4E7E-A40F-C0A0AA3CA381}.Release|Any CPU.ActiveCfg = Release|Any CPU
		{ED7A94DB-F495-4E7E-A40F-C0A0AA3CA381}.Release|Any CPU.Build.0 = Release|Any CPU
	EndGlobalSection
	GlobalSection(SolutionProperties) = preSolution
		HideSolutionNode = FALSE
	EndGlobalSection
	GlobalSection(ExtensibilityGlobals) = postSolution
		SolutionGuid = {B0BD1A60-6712-4F1F-9DD6-05F7AC717CC4}
	EndGlobalSection
EndGlobal
